# This file is autogenerated, do not edit; changes may be undone by the next 'dep ensure'.


[[projects]]
  branch = "master"
  digest = "1:01c4fece33faf2496ff8c827078f4421469afa41029b581664fe3f42332427a7"
  name = "github.com/webgenie/go-in-action"
  packages = [
    "chapter2/sample/matchers",
    "chapter2/sample/search",
    "chapter3/dbdriver/postgres",
  ]
  pruneopts = "UT"
  revision = "d6068f2ca89bdd226963ca6173aa17fba0b53dbf"

[solve-meta]
  analyzer-name = "dep"
  analyzer-version = 1
  input-imports = [
    "github.com/webgenie/go-in-action/chapter2/sample/matchers",
    "github.com/webgenie/go-in-action/chapter2/sample/search",
    "github.com/webgenie/go-in-action/chapter3/dbdriver/postgres",
  ]
  solver-name = "gps-cdcl"
  solver-version = 1
